// !$*UTF8*$!
{
	archiveVersion = 1;
	classes = {
	};
	objectVersion = 56;
	objects = {

/* Begin PBXBuildFile section */
		420D63BD2C675D6200645CFA /* GenerativeAI-Info.plist in Resources */ = {isa = PBXBuildFile; fileRef = 420D63BC2C675D6200645CFA /* GenerativeAI-Info.plist */; };
		420D63BF2C678AAD00645CFA /* Food.swift in Sources */ = {isa = PBXBuildFile; fileRef = 420D63BE2C678AAD00645CFA /* Food.swift */; };
		420D63C12C678F6100645CFA /* FoodView.swift in Sources */ = {isa = PBXBuildFile; fileRef = 420D63C02C678F6100645CFA /* FoodView.swift */; };
		420D63CD2C6790C400645CFA /* Pretendard-Medium.otf in Resources */ = {isa = PBXBuildFile; fileRef = 420D63C42C6790C300645CFA /* Pretendard-Medium.otf */; };
		420D63CE2C6790C400645CFA /* Pretendard-ExtraLight.otf in Resources */ = {isa = PBXBuildFile; fileRef = 420D63C52C6790C400645CFA /* Pretendard-ExtraLight.otf */; };
		420D63CF2C6790C400645CFA /* Pretendard-Light.otf in Resources */ = {isa = PBXBuildFile; fileRef = 420D63C62C6790C400645CFA /* Pretendard-Light.otf */; };
		420D63D02C6790C400645CFA /* Pretendard-Thin.otf in Resources */ = {isa = PBXBuildFile; fileRef = 420D63C72C6790C400645CFA /* Pretendard-Thin.otf */; };
		420D63D12C6790C400645CFA /* Pretendard-SemiBold.otf in Resources */ = {isa = PBXBuildFile; fileRef = 420D63C82C6790C400645CFA /* Pretendard-SemiBold.otf */; };
		420D63D22C6790C400645CFA /* Pretendard-Bold.otf in Resources */ = {isa = PBXBuildFile; fileRef = 420D63C92C6790C400645CFA /* Pretendard-Bold.otf */; };
		420D63D32C6790C400645CFA /* Pretendard-Black.otf in Resources */ = {isa = PBXBuildFile; fileRef = 420D63CA2C6790C400645CFA /* Pretendard-Black.otf */; };
		420D63D42C6790C400645CFA /* Pretendard-Regular.otf in Resources */ = {isa = PBXBuildFile; fileRef = 420D63CB2C6790C400645CFA /* Pretendard-Regular.otf */; };
		420D63D52C6790C400645CFA /* Pretendard-ExtraBold.otf in Resources */ = {isa = PBXBuildFile; fileRef = 420D63CC2C6790C400645CFA /* Pretendard-ExtraBold.otf */; };
		420D63D82C6790E300645CFA /* Font+.swift in Sources */ = {isa = PBXBuildFile; fileRef = 420D63D72C6790E300645CFA /* Font+.swift */; };
		420D63DA2C67B44200645CFA /* NavigationManager.swift in Sources */ = {isa = PBXBuildFile; fileRef = 420D63D92C67B44200645CFA /* NavigationManager.swift */; };
		420D63DC2C67B62900645CFA /* SearchView.swift in Sources */ = {isa = PBXBuildFile; fileRef = 420D63DB2C67B62900645CFA /* SearchView.swift */; };
		420D63E62C67D95500645CFA /* NickNameView.swift in Sources */ = {isa = PBXBuildFile; fileRef = 420D63E52C67D95500645CFA /* NickNameView.swift */; };
		420D63E82C67DE6D00645CFA /* WeeksView.swift in Sources */ = {isa = PBXBuildFile; fileRef = 420D63E72C67DE6D00645CFA /* WeeksView.swift */; };
		420D63EA2C67E88200645CFA /* MainView.swift in Sources */ = {isa = PBXBuildFile; fileRef = 420D63E92C67E88200645CFA /* MainView.swift */; };
		420D63EC2C67EA5400645CFA /* Date+.swift in Sources */ = {isa = PBXBuildFile; fileRef = 420D63EB2C67EA5400645CFA /* Date+.swift */; };
		420D63EE2C67EE8300645CFA /* Data.swift in Sources */ = {isa = PBXBuildFile; fileRef = 420D63ED2C67EE8300645CFA /* Data.swift */; };
		420D63F02C67FEB500645CFA /* IntroView.swift in Sources */ = {isa = PBXBuildFile; fileRef = 420D63EF2C67FEB500645CFA /* IntroView.swift */; };
		420D63F22C67FFE800645CFA /* AppView.swift in Sources */ = {isa = PBXBuildFile; fileRef = 420D63F12C67FFE800645CFA /* AppView.swift */; };
		420D63F42C6802E500645CFA /* ListView.swift in Sources */ = {isa = PBXBuildFile; fileRef = 420D63F32C6802E500645CFA /* ListView.swift */; };
		420D63F62C680BF300645CFA /* KeywordContainerView.swift in Sources */ = {isa = PBXBuildFile; fileRef = 420D63F52C680BF300645CFA /* KeywordContainerView.swift */; };
		420D63F82C68133500645CFA /* View+cornerRadius.swift in Sources */ = {isa = PBXBuildFile; fileRef = 420D63F72C68133500645CFA /* View+cornerRadius.swift */; };
		420D63FA2C6817D300645CFA /* Color+.swift in Sources */ = {isa = PBXBuildFile; fileRef = 420D63F92C6817D300645CFA /* Color+.swift */; };
		420D63FC2C681C7600645CFA /* DashedLine.swift in Sources */ = {isa = PBXBuildFile; fileRef = 420D63FB2C681C7600645CFA /* DashedLine.swift */; };
		420D63FE2C681FFB00645CFA /* SplashView.swift in Sources */ = {isa = PBXBuildFile; fileRef = 420D63FD2C681FFB00645CFA /* SplashView.swift */; };
		42D1C93A2C67103F00147312 /* DontWorryYumApp.swift in Sources */ = {isa = PBXBuildFile; fileRef = 42D1C9392C67103F00147312 /* DontWorryYumApp.swift */; };
		42D1C93E2C67104000147312 /* Assets.xcassets in Resources */ = {isa = PBXBuildFile; fileRef = 42D1C93D2C67104000147312 /* Assets.xcassets */; };
		42D1C9412C67104000147312 /* Preview Assets.xcassets in Resources */ = {isa = PBXBuildFile; fileRef = 42D1C9402C67104000147312 /* Preview Assets.xcassets */; };
/* End PBXBuildFile section */

/* Begin PBXFileReference section */
		420D63BC2C675D6200645CFA /* GenerativeAI-Info.plist */ = {isa = PBXFileReference; lastKnownFileType = text.plist.xml; path = "GenerativeAI-Info.plist"; sourceTree = "<group>"; };
		420D63BE2C678AAD00645CFA /* Food.swift */ = {isa = PBXFileReference; lastKnownFileType = sourcecode.swift; path = Food.swift; sourceTree = "<group>"; };
		420D63C02C678F6100645CFA /* FoodView.swift */ = {isa = PBXFileReference; lastKnownFileType = sourcecode.swift; path = FoodView.swift; sourceTree = "<group>"; };
		420D63C42C6790C300645CFA /* Pretendard-Medium.otf */ = {isa = PBXFileReference; lastKnownFileType = file; path = "Pretendard-Medium.otf"; sourceTree = "<group>"; };
		420D63C52C6790C400645CFA /* Pretendard-ExtraLight.otf */ = {isa = PBXFileReference; lastKnownFileType = file; path = "Pretendard-ExtraLight.otf"; sourceTree = "<group>"; };
		420D63C62C6790C400645CFA /* Pretendard-Light.otf */ = {isa = PBXFileReference; lastKnownFileType = file; path = "Pretendard-Light.otf"; sourceTree = "<group>"; };
		420D63C72C6790C400645CFA /* Pretendard-Thin.otf */ = {isa = PBXFileReference; lastKnownFileType = file; path = "Pretendard-Thin.otf"; sourceTree = "<group>"; };
		420D63C82C6790C400645CFA /* Pretendard-SemiBold.otf */ = {isa = PBXFileReference; lastKnownFileType = file; path = "Pretendard-SemiBold.otf"; sourceTree = "<group>"; };
		420D63C92C6790C400645CFA /* Pretendard-Bold.otf */ = {isa = PBXFileReference; lastKnownFileType = file; path = "Pretendard-Bold.otf"; sourceTree = "<group>"; };
		420D63CA2C6790C400645CFA /* Pretendard-Black.otf */ = {isa = PBXFileReference; lastKnownFileType = file; path = "Pretendard-Black.otf"; sourceTree = "<group>"; };
		420D63CB2C6790C400645CFA /* Pretendard-Regular.otf */ = {isa = PBXFileReference; lastKnownFileType = file; path = "Pretendard-Regular.otf"; sourceTree = "<group>"; };
		420D63CC2C6790C400645CFA /* Pretendard-ExtraBold.otf */ = {isa = PBXFileReference; lastKnownFileType = file; path = "Pretendard-ExtraBold.otf"; sourceTree = "<group>"; };
		420D63D72C6790E300645CFA /* Font+.swift */ = {isa = PBXFileReference; lastKnownFileType = sourcecode.swift; path = "Font+.swift"; sourceTree = "<group>"; };
		420D63D92C67B44200645CFA /* NavigationManager.swift */ = {isa = PBXFileReference; lastKnownFileType = sourcecode.swift; path = NavigationManager.swift; sourceTree = "<group>"; };
		420D63DB2C67B62900645CFA /* SearchView.swift */ = {isa = PBXFileReference; lastKnownFileType = sourcecode.swift; path = SearchView.swift; sourceTree = "<group>"; };
		420D63E52C67D95500645CFA /* NickNameView.swift */ = {isa = PBXFileReference; lastKnownFileType = sourcecode.swift; path = NickNameView.swift; sourceTree = "<group>"; };
		420D63E72C67DE6D00645CFA /* WeeksView.swift */ = {isa = PBXFileReference; lastKnownFileType = sourcecode.swift; path = WeeksView.swift; sourceTree = "<group>"; };
		420D63E92C67E88200645CFA /* MainView.swift */ = {isa = PBXFileReference; lastKnownFileType = sourcecode.swift; path = MainView.swift; sourceTree = "<group>"; };
		420D63EB2C67EA5400645CFA /* Date+.swift */ = {isa = PBXFileReference; lastKnownFileType = sourcecode.swift; path = "Date+.swift"; sourceTree = "<group>"; };
		420D63ED2C67EE8300645CFA /* Data.swift */ = {isa = PBXFileReference; lastKnownFileType = sourcecode.swift; path = Data.swift; sourceTree = "<group>"; };
		420D63EF2C67FEB500645CFA /* IntroView.swift */ = {isa = PBXFileReference; lastKnownFileType = sourcecode.swift; path = IntroView.swift; sourceTree = "<group>"; };
		420D63F12C67FFE800645CFA /* AppView.swift */ = {isa = PBXFileReference; lastKnownFileType = sourcecode.swift; path = AppView.swift; sourceTree = "<group>"; };
		420D63F32C6802E500645CFA /* ListView.swift */ = {isa = PBXFileReference; lastKnownFileType = sourcecode.swift; path = ListView.swift; sourceTree = "<group>"; };
		420D63F52C680BF300645CFA /* KeywordContainerView.swift */ = {isa = PBXFileReference; lastKnownFileType = sourcecode.swift; path = KeywordContainerView.swift; sourceTree = "<group>"; };
		420D63F72C68133500645CFA /* View+cornerRadius.swift */ = {isa = PBXFileReference; lastKnownFileType = sourcecode.swift; path = "View+cornerRadius.swift"; sourceTree = "<group>"; };
		420D63F92C6817D300645CFA /* Color+.swift */ = {isa = PBXFileReference; lastKnownFileType = sourcecode.swift; path = "Color+.swift"; sourceTree = "<group>"; };
		420D63FB2C681C7600645CFA /* DashedLine.swift */ = {isa = PBXFileReference; lastKnownFileType = sourcecode.swift; path = DashedLine.swift; sourceTree = "<group>"; };
		420D63FD2C681FFB00645CFA /* SplashView.swift */ = {isa = PBXFileReference; lastKnownFileType = sourcecode.swift; path = SplashView.swift; sourceTree = "<group>"; };
		420D63FF2C68214500645CFA /* DontWorryYum.entitlements */ = {isa = PBXFileReference; lastKnownFileType = text.plist.entitlements; path = DontWorryYum.entitlements; sourceTree = "<group>"; };
		42D1C9362C67103F00147312 /* DontWorryYum.app */ = {isa = PBXFileReference; explicitFileType = wrapper.application; includeInIndex = 0; path = DontWorryYum.app; sourceTree = BUILT_PRODUCTS_DIR; };
		42D1C9392C67103F00147312 /* DontWorryYumApp.swift */ = {isa = PBXFileReference; lastKnownFileType = sourcecode.swift; path = DontWorryYumApp.swift; sourceTree = "<group>"; };
		42D1C93D2C67104000147312 /* Assets.xcassets */ = {isa = PBXFileReference; lastKnownFileType = folder.assetcatalog; path = Assets.xcassets; sourceTree = "<group>"; };
		42D1C9402C67104000147312 /* Preview Assets.xcassets */ = {isa = PBXFileReference; lastKnownFileType = folder.assetcatalog; path = "Preview Assets.xcassets"; sourceTree = "<group>"; };
/* End PBXFileReference section */

/* Begin PBXFrameworksBuildPhase section */
		42D1C9332C67103F00147312 /* Frameworks */ = {
			isa = PBXFrameworksBuildPhase;
			buildActionMask = 2147483647;
			files = (
			);
			runOnlyForDeploymentPostprocessing = 0;
		};
/* End PBXFrameworksBuildPhase section */

/* Begin PBXGroup section */
		420D63D62C6790CA00645CFA /* Fonts */ = {
			isa = PBXGroup;
			children = (
				420D63CA2C6790C400645CFA /* Pretendard-Black.otf */,
				420D63C92C6790C400645CFA /* Pretendard-Bold.otf */,
				420D63CC2C6790C400645CFA /* Pretendard-ExtraBold.otf */,
				420D63C52C6790C400645CFA /* Pretendard-ExtraLight.otf */,
				420D63C62C6790C400645CFA /* Pretendard-Light.otf */,
				420D63C42C6790C300645CFA /* Pretendard-Medium.otf */,
				420D63CB2C6790C400645CFA /* Pretendard-Regular.otf */,
				420D63C82C6790C400645CFA /* Pretendard-SemiBold.otf */,
				420D63C72C6790C400645CFA /* Pretendard-Thin.otf */,
			);
			path = Fonts;
			sourceTree = "<group>";
		};
		420D63DD2C67B6C900645CFA /* Model */ = {
			isa = PBXGroup;
			children = (
				420D63BE2C678AAD00645CFA /* Food.swift */,
				420D63ED2C67EE8300645CFA /* Data.swift */,
			);
			path = Model;
			sourceTree = "<group>";
		};
		420D63E02C67B72800645CFA /* View */ = {
			isa = PBXGroup;
			children = (
				4237C2BF2C6842BE007540F8 /* Components */,
				420D63F12C67FFE800645CFA /* AppView.swift */,
				420D63FD2C681FFB00645CFA /* SplashView.swift */,
				420D63EF2C67FEB500645CFA /* IntroView.swift */,
				420D63E52C67D95500645CFA /* NickNameView.swift */,
				420D63E72C67DE6D00645CFA /* WeeksView.swift */,
				420D63E92C67E88200645CFA /* MainView.swift */,
				420D63DB2C67B62900645CFA /* SearchView.swift */,
				420D63F32C6802E500645CFA /* ListView.swift */,
				420D63C02C678F6100645CFA /* FoodView.swift */,
			);
			path = View;
			sourceTree = "<group>";
		};
		4237C2BD2C68429C007540F8 /* Extensions */ = {
			isa = PBXGroup;
			children = (
				420D63D72C6790E300645CFA /* Font+.swift */,
				420D63EB2C67EA5400645CFA /* Date+.swift */,
				420D63F92C6817D300645CFA /* Color+.swift */,
				420D63F72C68133500645CFA /* View+cornerRadius.swift */,
			);
			path = Extensions;
			sourceTree = "<group>";
		};
		4237C2BE2C6842AA007540F8 /* Helper */ = {
			isa = PBXGroup;
			children = (
				420D63D92C67B44200645CFA /* NavigationManager.swift */,
			);
			path = Helper;
			sourceTree = "<group>";
		};
		4237C2BF2C6842BE007540F8 /* Components */ = {
			isa = PBXGroup;
			children = (
				420D63F52C680BF300645CFA /* KeywordContainerView.swift */,
				420D63FB2C681C7600645CFA /* DashedLine.swift */,
			);
			path = Components;
			sourceTree = "<group>";
		};
		4237C2C02C6842DA007540F8 /* Resources */ = {
			isa = PBXGroup;
			children = (
				42D1C93D2C67104000147312 /* Assets.xcassets */,
			);
			path = Resources;
			sourceTree = "<group>";
		};
		4237C2C12C6842F2007540F8 /* App */ = {
			isa = PBXGroup;
			children = (
				42D1C9392C67103F00147312 /* DontWorryYumApp.swift */,
			);
			path = App;
			sourceTree = "<group>";
		};
		42D1C92D2C67103F00147312 = {
			isa = PBXGroup;
			children = (
				420D63BC2C675D6200645CFA /* GenerativeAI-Info.plist */,
				42D1C9382C67103F00147312 /* DontWorryYum */,
				42D1C9372C67103F00147312 /* Products */,
			);
			sourceTree = "<group>";
		};
		42D1C9372C67103F00147312 /* Products */ = {
			isa = PBXGroup;
			children = (
				42D1C9362C67103F00147312 /* DontWorryYum.app */,
			);
			name = Products;
			sourceTree = "<group>";
		};
		42D1C9382C67103F00147312 /* DontWorryYum */ = {
			isa = PBXGroup;
			children = (
				420D63FF2C68214500645CFA /* DontWorryYum.entitlements */,
				4237C2C12C6842F2007540F8 /* App */,
				420D63DD2C67B6C900645CFA /* Model */,
				4237C2BD2C68429C007540F8 /* Extensions */,
				4237C2BE2C6842AA007540F8 /* Helper */,
				420D63E02C67B72800645CFA /* View */,
				4237C2C02C6842DA007540F8 /* Resources */,
				420D63D62C6790CA00645CFA /* Fonts */,
				42D1C93F2C67104000147312 /* Preview Content */,
			);
			path = DontWorryYum;
			sourceTree = "<group>";
		};
		42D1C93F2C67104000147312 /* Preview Content */ = {
			isa = PBXGroup;
			children = (
				42D1C9402C67104000147312 /* Preview Assets.xcassets */,
			);
			path = "Preview Content";
			sourceTree = "<group>";
		};
/* End PBXGroup section */

/* Begin PBXNativeTarget section */
		42D1C9352C67103F00147312 /* DontWorryYum */ = {
			isa = PBXNativeTarget;
			buildConfigurationList = 42D1C9442C67104000147312 /* Build configuration list for PBXNativeTarget "DontWorryYum" */;
			buildPhases = (
				42D1C9322C67103F00147312 /* Sources */,
				42D1C9332C67103F00147312 /* Frameworks */,
				42D1C9342C67103F00147312 /* Resources */,
			);
			buildRules = (
			);
			dependencies = (
			);
			name = DontWorryYum;
			packageProductDependencies = (
			);
			productName = DontWorryYum;
			productReference = 42D1C9362C67103F00147312 /* DontWorryYum.app */;
			productType = "com.apple.product-type.application";
		};
/* End PBXNativeTarget section */

/* Begin PBXProject section */
		42D1C92E2C67103F00147312 /* Project object */ = {
			isa = PBXProject;
			attributes = {
				BuildIndependentTargetsInParallel = 1;
				LastSwiftUpdateCheck = 1530;
				LastUpgradeCheck = 1530;
				TargetAttributes = {
					42D1C9352C67103F00147312 = {
						CreatedOnToolsVersion = 15.3;
					};
				};
			};
			buildConfigurationList = 42D1C9312C67103F00147312 /* Build configuration list for PBXProject "DontWorryYum" */;
			compatibilityVersion = "Xcode 14.0";
			developmentRegion = en;
			hasScannedForEncodings = 0;
			knownRegions = (
				en,
				Base,
			);
			mainGroup = 42D1C92D2C67103F00147312;
			packageReferences = (
			);
			productRefGroup = 42D1C9372C67103F00147312 /* Products */;
			projectDirPath = "";
			projectRoot = "";
			targets = (
				42D1C9352C67103F00147312 /* DontWorryYum */,
			);
		};
/* End PBXProject section */

/* Begin PBXResourcesBuildPhase section */
		42D1C9342C67103F00147312 /* Resources */ = {
			isa = PBXResourcesBuildPhase;
			buildActionMask = 2147483647;
			files = (
				42D1C9412C67104000147312 /* Preview Assets.xcassets in Resources */,
				42D1C93E2C67104000147312 /* Assets.xcassets in Resources */,
				420D63D52C6790C400645CFA /* Pretendard-ExtraBold.otf in Resources */,
				420D63D02C6790C400645CFA /* Pretendard-Thin.otf in Resources */,
				420D63D12C6790C400645CFA /* Pretendard-SemiBold.otf in Resources */,
				420D63D32C6790C400645CFA /* Pretendard-Black.otf in Resources */,
				420D63CE2C6790C400645CFA /* Pretendard-ExtraLight.otf in Resources */,
				420D63BD2C675D6200645CFA /* GenerativeAI-Info.plist in Resources */,
				420D63CD2C6790C400645CFA /* Pretendard-Medium.otf in Resources */,
				420D63D42C6790C400645CFA /* Pretendard-Regular.otf in Resources */,
				420D63D22C6790C400645CFA /* Pretendard-Bold.otf in Resources */,
				420D63CF2C6790C400645CFA /* Pretendard-Light.otf in Resources */,
			);
			runOnlyForDeploymentPostprocessing = 0;
		};
/* End PBXResourcesBuildPhase section */

/* Begin PBXSourcesBuildPhase section */
		42D1C9322C67103F00147312 /* Sources */ = {
			isa = PBXSourcesBuildPhase;
			buildActionMask = 2147483647;
			files = (
				420D63F62C680BF300645CFA /* KeywordContainerView.swift in Sources */,
				420D63F02C67FEB500645CFA /* IntroView.swift in Sources */,
				420D63EE2C67EE8300645CFA /* Data.swift in Sources */,
				420D63EA2C67E88200645CFA /* MainView.swift in Sources */,
				420D63D82C6790E300645CFA /* Font+.swift in Sources */,
				420D63FA2C6817D300645CFA /* Color+.swift in Sources */,
				420D63E62C67D95500645CFA /* NickNameView.swift in Sources */,
				420D63F82C68133500645CFA /* View+cornerRadius.swift in Sources */,
				420D63DA2C67B44200645CFA /* NavigationManager.swift in Sources */,
				420D63F42C6802E500645CFA /* ListView.swift in Sources */,
				420D63EC2C67EA5400645CFA /* Date+.swift in Sources */,
				420D63FC2C681C7600645CFA /* DashedLine.swift in Sources */,
				420D63C12C678F6100645CFA /* FoodView.swift in Sources */,
				420D63DC2C67B62900645CFA /* SearchView.swift in Sources */,
				420D63FE2C681FFB00645CFA /* SplashView.swift in Sources */,
				420D63E82C67DE6D00645CFA /* WeeksView.swift in Sources */,
				420D63F22C67FFE800645CFA /* AppView.swift in Sources */,
				420D63BF2C678AAD00645CFA /* Food.swift in Sources */,
				42D1C93A2C67103F00147312 /* DontWorryYumApp.swift in Sources */,
			);
			runOnlyForDeploymentPostprocessing = 0;
		};
/* End PBXSourcesBuildPhase section */

/* Begin XCBuildConfiguration section */
		42D1C9422C67104000147312 /* Debug */ = {
			isa = XCBuildConfiguration;
			buildSettings = {
				ALWAYS_SEARCH_USER_PATHS = NO;
				ASSETCATALOG_COMPILER_GENERATE_SWIFT_ASSET_SYMBOL_EXTENSIONS = YES;
				CLANG_ANALYZER_NONNULL = YES;
				CLANG_ANALYZER_NUMBER_OBJECT_CONVERSION = YES_AGGRESSIVE;
				CLANG_CXX_LANGUAGE_STANDARD = "gnu++20";
				CLANG_ENABLE_MODULES = YES;
				CLANG_ENABLE_OBJC_ARC = YES;
				CLANG_ENABLE_OBJC_WEAK = YES;
				CLANG_WARN_BLOCK_CAPTURE_AUTORELEASING = YES;
				CLANG_WARN_BOOL_CONVERSION = YES;
				CLANG_WARN_COMMA = YES;
				CLANG_WARN_CONSTANT_CONVERSION = YES;
				CLANG_WARN_DEPRECATED_OBJC_IMPLEMENTATIONS = YES;
				CLANG_WARN_DIRECT_OBJC_ISA_USAGE = YES_ERROR;
				CLANG_WARN_DOCUMENTATION_COMMENTS = YES;
				CLANG_WARN_EMPTY_BODY = YES;
				CLANG_WARN_ENUM_CONVERSION = YES;
				CLANG_WARN_INFINITE_RECURSION = YES;
				CLANG_WARN_INT_CONVERSION = YES;
				CLANG_WARN_NON_LITERAL_NULL_CONVERSION = YES;
				CLANG_WARN_OBJC_IMPLICIT_RETAIN_SELF = YES;
				CLANG_WARN_OBJC_LITERAL_CONVERSION = YES;
				CLANG_WARN_OBJC_ROOT_CLASS = YES_ERROR;
				CLANG_WARN_QUOTED_INCLUDE_IN_FRAMEWORK_HEADER = YES;
				CLANG_WARN_RANGE_LOOP_ANALYSIS = YES;
				CLANG_WARN_STRICT_PROTOTYPES = YES;
				CLANG_WARN_SUSPICIOUS_MOVE = YES;
				CLANG_WARN_UNGUARDED_AVAILABILITY = YES_AGGRESSIVE;
				CLANG_WARN_UNREACHABLE_CODE = YES;
				CLANG_WARN__DUPLICATE_METHOD_MATCH = YES;
				COPY_PHASE_STRIP = NO;
				DEBUG_INFORMATION_FORMAT = dwarf;
				ENABLE_STRICT_OBJC_MSGSEND = YES;
				ENABLE_TESTABILITY = YES;
				ENABLE_USER_SCRIPT_SANDBOXING = YES;
				GCC_C_LANGUAGE_STANDARD = gnu17;
				GCC_DYNAMIC_NO_PIC = NO;
				GCC_NO_COMMON_BLOCKS = YES;
				GCC_OPTIMIZATION_LEVEL = 0;
				GCC_PREPROCESSOR_DEFINITIONS = (
					"DEBUG=1",
					"$(inherited)",
				);
				GCC_WARN_64_TO_32_BIT_CONVERSION = YES;
				GCC_WARN_ABOUT_RETURN_TYPE = YES_ERROR;
				GCC_WARN_UNDECLARED_SELECTOR = YES;
				GCC_WARN_UNINITIALIZED_AUTOS = YES_AGGRESSIVE;
				GCC_WARN_UNUSED_FUNCTION = YES;
				GCC_WARN_UNUSED_VARIABLE = YES;
				IPHONEOS_DEPLOYMENT_TARGET = 17.4;
				LOCALIZATION_PREFERS_STRING_CATALOGS = YES;
				MTL_ENABLE_DEBUG_INFO = INCLUDE_SOURCE;
				MTL_FAST_MATH = YES;
				ONLY_ACTIVE_ARCH = YES;
				SDKROOT = iphoneos;
				SWIFT_ACTIVE_COMPILATION_CONDITIONS = "DEBUG $(inherited)";
				SWIFT_OPTIMIZATION_LEVEL = "-Onone";
			};
			name = Debug;
		};
		42D1C9432C67104000147312 /* Release */ = {
			isa = XCBuildConfiguration;
			buildSettings = {
				ALWAYS_SEARCH_USER_PATHS = NO;
				ASSETCATALOG_COMPILER_GENERATE_SWIFT_ASSET_SYMBOL_EXTENSIONS = YES;
				CLANG_ANALYZER_NONNULL = YES;
				CLANG_ANALYZER_NUMBER_OBJECT_CONVERSION = YES_AGGRESSIVE;
				CLANG_CXX_LANGUAGE_STANDARD = "gnu++20";
				CLANG_ENABLE_MODULES = YES;
				CLANG_ENABLE_OBJC_ARC = YES;
				CLANG_ENABLE_OBJC_WEAK = YES;
				CLANG_WARN_BLOCK_CAPTURE_AUTORELEASING = YES;
				CLANG_WARN_BOOL_CONVERSION = YES;
				CLANG_WARN_COMMA = YES;
				CLANG_WARN_CONSTANT_CONVERSION = YES;
				CLANG_WARN_DEPRECATED_OBJC_IMPLEMENTATIONS = YES;
				CLANG_WARN_DIRECT_OBJC_ISA_USAGE = YES_ERROR;
				CLANG_WARN_DOCUMENTATION_COMMENTS = YES;
				CLANG_WARN_EMPTY_BODY = YES;
				CLANG_WARN_ENUM_CONVERSION = YES;
				CLANG_WARN_INFINITE_RECURSION = YES;
				CLANG_WARN_INT_CONVERSION = YES;
				CLANG_WARN_NON_LITERAL_NULL_CONVERSION = YES;
				CLANG_WARN_OBJC_IMPLICIT_RETAIN_SELF = YES;
				CLANG_WARN_OBJC_LITERAL_CONVERSION = YES;
				CLANG_WARN_OBJC_ROOT_CLASS = YES_ERROR;
				CLANG_WARN_QUOTED_INCLUDE_IN_FRAMEWORK_HEADER = YES;
				CLANG_WARN_RANGE_LOOP_ANALYSIS = YES;
				CLANG_WARN_STRICT_PROTOTYPES = YES;
				CLANG_WARN_SUSPICIOUS_MOVE = YES;
				CLANG_WARN_UNGUARDED_AVAILABILITY = YES_AGGRESSIVE;
				CLANG_WARN_UNREACHABLE_CODE = YES;
				CLANG_WARN__DUPLICATE_METHOD_MATCH = YES;
				COPY_PHASE_STRIP = NO;
				DEBUG_INFORMATION_FORMAT = "dwarf-with-dsym";
				ENABLE_NS_ASSERTIONS = NO;
				ENABLE_STRICT_OBJC_MSGSEND = YES;
				ENABLE_USER_SCRIPT_SANDBOXING = YES;
				GCC_C_LANGUAGE_STANDARD = gnu17;
				GCC_NO_COMMON_BLOCKS = YES;
				GCC_WARN_64_TO_32_BIT_CONVERSION = YES;
				GCC_WARN_ABOUT_RETURN_TYPE = YES_ERROR;
				GCC_WARN_UNDECLARED_SELECTOR = YES;
				GCC_WARN_UNINITIALIZED_AUTOS = YES_AGGRESSIVE;
				GCC_WARN_UNUSED_FUNCTION = YES;
				GCC_WARN_UNUSED_VARIABLE = YES;
				IPHONEOS_DEPLOYMENT_TARGET = 17.4;
				LOCALIZATION_PREFERS_STRING_CATALOGS = YES;
				MTL_ENABLE_DEBUG_INFO = NO;
				MTL_FAST_MATH = YES;
				SDKROOT = iphoneos;
				SWIFT_COMPILATION_MODE = wholemodule;
				VALIDATE_PRODUCT = YES;
			};
			name = Release;
		};
		42D1C9452C67104000147312 /* Debug */ = {
			isa = XCBuildConfiguration;
			buildSettings = {
				ASSETCATALOG_COMPILER_APPICON_NAME = AppIcon;
				ASSETCATALOG_COMPILER_GLOBAL_ACCENT_COLOR_NAME = AccentColor;
				CODE_SIGN_ENTITLEMENTS = DontWorryYum/DontWorryYum.entitlements;
				CODE_SIGN_STYLE = Automatic;
				CURRENT_PROJECT_VERSION = 1;
				DEVELOPMENT_ASSET_PATHS = "\"DontWorryYum/Preview Content\"";
				DEVELOPMENT_TEAM = Q6CK9777WL;
				ENABLE_PREVIEWS = YES;
				GENERATE_INFOPLIST_FILE = YES;
				INFOPLIST_FILE = DontWorryYum/Info.plist;
				INFOPLIST_KEY_CFBundleDisplayName = "Mom's Pick";
				INFOPLIST_KEY_UIApplicationSceneManifest_Generation = YES;
				INFOPLIST_KEY_UIApplicationSupportsIndirectInputEvents = YES;
				INFOPLIST_KEY_UILaunchScreen_Generation = YES;
				INFOPLIST_KEY_UISupportedInterfaceOrientations = UIInterfaceOrientationPortrait;
				LD_RUNPATH_SEARCH_PATHS = (
					"$(inherited)",
					"@executable_path/Frameworks",
				);
				MARKETING_VERSION = 1.0;
				PRODUCT_BUNDLE_IDENTIFIER = com.yuseong.com.DontWorryYum;
				PRODUCT_NAME = "$(TARGET_NAME)";
				SUPPORTED_PLATFORMS = "iphoneos iphonesimulator";
				SUPPORTS_MACCATALYST = NO;
				SUPPORTS_MAC_DESIGNED_FOR_IPHONE_IPAD = NO;
				SUPPORTS_XR_DESIGNED_FOR_IPHONE_IPAD = NO;
				SWIFT_EMIT_LOC_STRINGS = YES;
				SWIFT_VERSION = 5.0;
				TARGETED_DEVICE_FAMILY = 1;
			};
			name = Debug;
		};
		42D1C9462C67104000147312 /* Release */ = {
			isa = XCBuildConfiguration;
			buildSettings = {
				ASSETCATALOG_COMPILER_APPICON_NAME = AppIcon;
				ASSETCATALOG_COMPILER_GLOBAL_ACCENT_COLOR_NAME = AccentColor;
				CODE_SIGN_ENTITLEMENTS = DontWorryYum/DontWorryYum.entitlements;
				CODE_SIGN_STYLE = Automatic;
				CURRENT_PROJECT_VERSION = 1;
				DEVELOPMENT_ASSET_PATHS = "\"DontWorryYum/Preview Content\"";
				DEVELOPMENT_TEAM = Q6CK9777WL;
				ENABLE_PREVIEWS = YES;
				GENERATE_INFOPLIST_FILE = YES;
				INFOPLIST_FILE = DontWorryYum/Info.plist;
				INFOPLIST_KEY_CFBundleDisplayName = "Mom's Pick";
				INFOPLIST_KEY_UIApplicationSceneManifest_Generation = YES;
				INFOPLIST_KEY_UIApplicationSupportsIndirectInputEvents = YES;
				INFOPLIST_KEY_UILaunchScreen_Generation = YES;
				INFOPLIST_KEY_UISupportedInterfaceOrientations = UIInterfaceOrientationPortrait;
				LD_RUNPATH_SEARCH_PATHS = (
					"$(inherited)",
					"@executable_path/Frameworks",
				);
				MARKETING_VERSION = 1.0;
				PRODUCT_BUNDLE_IDENTIFIER = com.yuseong.com.DontWorryYum;
				PRODUCT_NAME = "$(TARGET_NAME)";
				SUPPORTED_PLATFORMS = "iphoneos iphonesimulator";
				SUPPORTS_MACCATALYST = NO;
				SUPPORTS_MAC_DESIGNED_FOR_IPHONE_IPAD = NO;
				SUPPORTS_XR_DESIGNED_FOR_IPHONE_IPAD = NO;
				SWIFT_EMIT_LOC_STRINGS = YES;
				SWIFT_VERSION = 5.0;
				TARGETED_DEVICE_FAMILY = 1;
			};
			name = Release;
		};
/* End XCBuildConfiguration section */

/* Begin XCConfigurationList section */
		42D1C9312C67103F00147312 /* Build configuration list for PBXProject "DontWorryYum" */ = {
			isa = XCConfigurationList;
			buildConfigurations = (
				42D1C9422C67104000147312 /* Debug */,
				42D1C9432C67104000147312 /* Release */,
			);
			defaultConfigurationIsVisible = 0;
			defaultConfigurationName = Release;
		};
		42D1C9442C67104000147312 /* Build configuration list for PBXNativeTarget "DontWorryYum" */ = {
			isa = XCConfigurationList;
			buildConfigurations = (
				42D1C9452C67104000147312 /* Debug */,
				42D1C9462C67104000147312 /* Release */,
			);
			defaultConfigurationIsVisible = 0;
			defaultConfigurationName = Release;
		};
/* End XCConfigurationList section */
	};
	rootObject = 42D1C92E2C67103F00147312 /* Project object */;
}
